// !$*UTF8*$!
{
	archiveVersion = 1;
	classes = {
	};
	objectVersion = 46;
	objects = {

/* Begin PBXBuildFile section */
		DCAD67A21A9FDF8200035617 /* AppDelegate.swift in Sources */ = {isa = PBXBuildFile; fileRef = DCAD67A11A9FDF8200035617 /* AppDelegate.swift */; };
		DCAD67A41A9FDF8200035617 /* ViewController.swift in Sources */ = {isa = PBXBuildFile; fileRef = DCAD67A31A9FDF8200035617 /* ViewController.swift */; };
		DCAD67A71A9FDF8200035617 /* Main.storyboard in Resources */ = {isa = PBXBuildFile; fileRef = DCAD67A51A9FDF8200035617 /* Main.storyboard */; };
		DCAD67A91A9FDF8200035617 /* Images.xcassets in Resources */ = {isa = PBXBuildFile; fileRef = DCAD67A81A9FDF8200035617 /* Images.xcassets */; };
		DCAD67AC1A9FDF8200035617 /* LaunchScreen.xib in Resources */ = {isa = PBXBuildFile; fileRef = DCAD67AA1A9FDF8200035617 /* LaunchScreen.xib */; };
		DCAD67B81A9FDF8200035617 /* AutoLayoutTests.swift in Sources */ = {isa = PBXBuildFile; fileRef = DCAD67B71A9FDF8200035617 /* AutoLayoutTests.swift */; };
/* End PBXBuildFile section */

/* Begin PBXContainerItemProxy section */
		DCAD67B21A9FDF8200035617 /* PBXContainerItemProxy */ = {
			isa = PBXContainerItemProxy;
			containerPortal = DCAD67941A9FDF8200035617 /* Project object */;
			proxyType = 1;
			remoteGlobalIDString = DCAD679B1A9FDF8200035617;
			remoteInfo = AutoLayout;
		};
/* End PBXContainerItemProxy section */

/* Begin PBXFileReference section */
		DCAD679C1A9FDF8200035617 /* AutoLayout.app */ = {isa = PBXFileReference; explicitFileType = wrapper.application; includeInIndex = 0; path = AutoLayout.app; sourceTree = BUILT_PRODUCTS_DIR; };
		DCAD67A01A9FDF8200035617 /* Info.plist */ = {isa = PBXFileReference; lastKnownFileType = text.plist.xml; path = Info.plist; sourceTree = "<group>"; };
		DCAD67A11A9FDF8200035617 /* AppDelegate.swift */ = {isa = PBXFileReference; lastKnownFileType = sourcecode.swift; path = AppDelegate.swift; sourceTree = "<group>"; };
		DCAD67A31A9FDF8200035617 /* ViewController.swift */ = {isa = PBXFileReference; lastKnownFileType = sourcecode.swift; path = ViewController.swift; sourceTree = "<group>"; };
		DCAD67A61A9FDF8200035617 /* Base */ = {isa = PBXFileReference; lastKnownFileType = file.storyboard; name = Base; path = Base.lproj/Main.storyboard; sourceTree = "<group>"; };
		DCAD67A81A9FDF8200035617 /* Images.xcassets */ = {isa = PBXFileReference; lastKnownFileType = folder.assetcatalog; path = Images.xcassets; sourceTree = "<group>"; };
		DCAD67AB1A9FDF8200035617 /* Base */ = {isa = PBXFileReference; lastKnownFileType = file.xib; name = Base; path = Base.lproj/LaunchScreen.xib; sourceTree = "<group>"; };
		DCAD67B11A9FDF8200035617 /* AutoLayoutTests.xctest */ = {isa = PBXFileReference; explicitFileType = wrapper.cfbundle; includeInIndex = 0; path = AutoLayoutTests.xctest; sourceTree = BUILT_PRODUCTS_DIR; };
		DCAD67B61A9FDF8200035617 /* Info.plist */ = {isa = PBXFileReference; lastKnownFileType = text.plist.xml; path = Info.plist; sourceTree = "<group>"; };
		DCAD67B71A9FDF8200035617 /* AutoLayoutTests.swift */ = {isa = PBXFileReference; lastKnownFileType = sourcecode.swift; path = AutoLayoutTests.swift; sourceTree = "<group>"; };
/* End PBXFileReference section */

/* Begin PBXFrameworksBuildPhase section */
		DCAD67991A9FDF8200035617 /* Frameworks */ = {
			isa = PBXFrameworksBuildPhase;
			buildActionMask = 2147483647;
			files = (
			);
			runOnlyForDeploymentPostprocessing = 0;
		};
		DCAD67AE1A9FDF8200035617 /* Frameworks */ = {
			isa = PBXFrameworksBuildPhase;
			buildActionMask = 2147483647;
			files = (
			);
			runOnlyForDeploymentPostprocessing = 0;
		};
/* End PBXFrameworksBuildPhase section */

/* Begin PBXGroup section */
		DCAD67931A9FDF8200035617 = {
			isa = PBXGroup;
			children = (
				DCAD679E1A9FDF8200035617 /* AutoLayout */,
				DCAD67B41A9FDF8200035617 /* AutoLayoutTests */,
				DCAD679D1A9FDF8200035617 /* Products */,
			);
			sourceTree = "<group>";
		};
		DCAD679D1A9FDF8200035617 /* Products */ = {
			isa = PBXGroup;
			children = (
				DCAD679C1A9FDF8200035617 /* AutoLayout.app */,
				DCAD67B11A9FDF8200035617 /* AutoLayoutTests.xctest */,
			);
			name = Products;
			sourceTree = "<group>";
		};
		DCAD679E1A9FDF8200035617 /* AutoLayout */ = {
			isa = PBXGroup;
			children = (
				DCAD67A11A9FDF8200035617 /* AppDelegate.swift */,
				DCAD67A31A9FDF8200035617 /* ViewController.swift */,
				DCAD67A51A9FDF8200035617 /* Main.storyboard */,
				DCAD67A81A9FDF8200035617 /* Images.xcassets */,
				DCAD67AA1A9FDF8200035617 /* LaunchScreen.xib */,
				DCAD679F1A9FDF8200035617 /* Supporting Files */,
			);
			path = AutoLayout;
			sourceTree = "<group>";
		};
		DCAD679F1A9FDF8200035617 /* Supporting Files */ = {
			isa = PBXGroup;
			children = (
				DCAD67A01A9FDF8200035617 /* Info.plist */,
			);
			name = "Supporting Files";
			sourceTree = "<group>";
		};
		DCAD67B41A9FDF8200035617 /* AutoLayoutTests */ = {
			isa = PBXGroup;
			children = (
				DCAD67B71A9FDF8200035617 /* AutoLayoutTests.swift */,
				DCAD67B51A9FDF8200035617 /* Supporting Files */,
			);
			path = AutoLayoutTests;
			sourceTree = "<group>";
		};
		DCAD67B51A9FDF8200035617 /* Supporting Files */ = {
			isa = PBXGroup;
			children = (
				DCAD67B61A9FDF8200035617 /* Info.plist */,
			);
			name = "Supporting Files";
			sourceTree = "<group>";
		};
/* End PBXGroup section */

/* Begin PBXNativeTarget section */
		DCAD679B1A9FDF8200035617 /* AutoLayout */ = {
			isa = PBXNativeTarget;
			buildConfigurationList = DCAD67BB1A9FDF8200035617 /* Build configuration list for PBXNativeTarget "AutoLayout" */;
			buildPhases = (
				DCAD67981A9FDF8200035617 /* Sources */,
				DCAD67991A9FDF8200035617 /* Frameworks */,
				DCAD679A1A9FDF8200035617 /* Resources */,
			);
			buildRules = (
			);
			dependencies = (
			);
			name = AutoLayout;
			productName = AutoLayout;
			productReference = DCAD679C1A9FDF8200035617 /* AutoLayout.app */;
			productType = "com.apple.product-type.application";
		};
		DCAD67B01A9FDF8200035617 /* AutoLayoutTests */ = {
			isa = PBXNativeTarget;
			buildConfigurationList = DCAD67BE1A9FDF8200035617 /* Build configuration list for PBXNativeTarget "AutoLayoutTests" */;
			buildPhases = (
				DCAD67AD1A9FDF8200035617 /* Sources */,
				DCAD67AE1A9FDF8200035617 /* Frameworks */,
				DCAD67AF1A9FDF8200035617 /* Resources */,
			);
			buildRules = (
			);
			dependencies = (
				DCAD67B31A9FDF8200035617 /* PBXTargetDependency */,
			);
			name = AutoLayoutTests;
			productName = AutoLayoutTests;
			productReference = DCAD67B11A9FDF8200035617 /* AutoLayoutTests.xctest */;
			productType = "com.apple.product-type.bundle.unit-test";
		};
/* End PBXNativeTarget section */

/* Begin PBXProject section */
		DCAD67941A9FDF8200035617 /* Project object */ = {
			isa = PBXProject;
			attributes = {
				LastUpgradeCheck = 0610;
				ORGANIZATIONNAME = AWLKA;
				TargetAttributes = {
					DCAD679B1A9FDF8200035617 = {
						CreatedOnToolsVersion = 6.1.1;
					};
					DCAD67B01A9FDF8200035617 = {
						CreatedOnToolsVersion = 6.1.1;
						TestTargetID = DCAD679B1A9FDF8200035617;
					};
				};
			};
			buildConfigurationList = DCAD67971A9FDF8200035617 /* Build configuration list for PBXProject "AutoLayout" */;
			compatibilityVersion = "Xcode 3.2";
			developmentRegion = English;
			hasScannedForEncodings = 0;
			knownRegions = (
				en,
				Base,
			);
			mainGroup = DCAD67931A9FDF8200035617;
			productRefGroup = DCAD679D1A9FDF8200035617 /* Products */;
			projectDirPath = "";
			projectRoot = "";
			targets = (
				DCAD679B1A9FDF8200035617 /* AutoLayout */,
				DCAD67B01A9FDF8200035617 /* AutoLayoutTests */,
			);
		};
/* End PBXProject section */

/* Begin PBXResourcesBuildPhase section */
		DCAD679A1A9FDF8200035617 /* Resources */ = {
			isa = PBXResourcesBuildPhase;
			buildActionMask = 2147483647;
			files = (
				DCAD67A71A9FDF8200035617 /* Main.storyboard in Resources */,
				DCAD67AC1A9FDF8200035617 /* LaunchScreen.xib in Resources */,
				DCAD67A91A9FDF8200035617 /* Images.xcassets in Resources */,
			);
			runOnlyForDeploymentPostprocessing = 0;
		};
		DCAD67AF1A9FDF8200035617 /* Resources */ = {
			isa = PBXResourcesBuildPhase;
			buildActionMask = 2147483647;
			files = (
			);
			runOnlyForDeploymentPostprocessing = 0;
		};
/* End PBXResourcesBuildPhase section */

/* Begin PBXSourcesBuildPhase section */
		DCAD67981A9FDF8200035617 /* Sources */ = {
			isa = PBXSourcesBuildPhase;
			buildActionMask = 2147483647;
			files = (
				DCAD67A41A9FDF8200035617 /* ViewController.swift in Sources */,
				DCAD67A21A9FDF8200035617 /* AppDelegate.swift in Sources */,
			);
			runOnlyForDeploymentPostprocessing = 0;
		};
		DCAD67AD1A9FDF8200035617 /* Sources */ = {
			isa = PBXSourcesBuildPhase;
			buildActionMask = 2147483647;
			files = (
				DCAD67B81A9FDF8200035617 /* AutoLayoutTests.swift in Sources */,
			);
			runOnlyForDeploymentPostprocessing = 0;
		};
/* End PBXSourcesBuildPhase section */

/* Begin PBXTargetDependency section */
		DCAD67B31A9FDF8200035617 /* PBXTargetDependency */ = {
			isa = PBXTargetDependency;
			target = DCAD679B1A9FDF8200035617 /* AutoLayout */;
			targetProxy = DCAD67B21A9FDF8200035617 /* PBXContainerItemProxy */;
		};
/* End PBXTargetDependency section */

/* Begin PBXVariantGroup section */
		DCAD67A51A9FDF8200035617 /* Main.storyboard */ = {
			isa = PBXVariantGroup;
			children = (
				DCAD67A61A9FDF8200035617 /* Base */,
			);
			name = Main.storyboard;
			sourceTree = "<group>";
		};
		DCAD67AA1A9FDF8200035617 /* LaunchScreen.xib */ = {
			isa = PBXVariantGroup;
			children = (
				DCAD67AB1A9FDF8200035617 /* Base */,
			);
			name = LaunchScreen.xib;
			sourceTree = "<group>";
		};
/* End PBXVariantGroup section */

/* Begin XCBuildConfiguration section */
		DCAD67B91A9FDF8200035617 /* Debug */ = {
			isa = XCBuildConfiguration;
			buildSettings = {
				ALWAYS_SEARCH_USER_PATHS = NO;
				CLANG_CXX_LANGUAGE_STANDARD = "gnu++0x";
				CLANG_CXX_LIBRARY = "libc++";
				CLANG_ENABLE_MODULES = YES;
				CLANG_ENABLE_OBJC_ARC = YES;
				CLANG_WARN_BOOL_CONVERSION = YES;
				CLANG_WARN_CONSTANT_CONVERSION = YES;
				CLANG_WARN_DIRECT_OBJC_ISA_USAGE = YES_ERROR;
				CLANG_WARN_EMPTY_BODY = YES;
				CLANG_WARN_ENUM_CONVERSION = YES;
				CLANG_WARN_INT_CONVERSION = YES;
				CLANG_WARN_OBJC_ROOT_CLASS = YES_ERROR;
				CLANG_WARN_UNREACHABLE_CODE = YES;
				CLANG_WARN__DUPLICATE_METHOD_MATCH = YES;
				"CODE_SIGN_IDENTITY[sdk=iphoneos*]" = "iPhone Developer";
				COPY_PHASE_STRIP = NO;
				ENABLE_STRICT_OBJC_MSGSEND = YES;
				GCC_C_LANGUAGE_STANDARD = gnu99;
				GCC_DYNAMIC_NO_PIC = NO;
				GCC_OPTIMIZATION_LEVEL = 0;
				GCC_PREPROCESSOR_DEFINITIONS = (
					"DEBUG=1",
					"$(inherited)",
				);
				GCC_SYMBOLS_PRIVATE_EXTERN = NO;
				GCC_WARN_64_TO_32_BIT_CONVERSION = YES;
				GCC_WARN_ABOUT_RETURN_TYPE = YES_ERROR;
				GCC_WARN_UNDECLARED_SELECTOR = YES;
				GCC_WARN_UNINITIALIZED_AUTOS = YES_AGGRESSIVE;
				GCC_WARN_UNUSED_FUNCTION = YES;
				GCC_WARN_UNUSED_VARIABLE = YES;
				IPHONEOS_DEPLOYMENT_TARGET = 8.1;
				MTL_ENABLE_DEBUG_INFO = YES;
				ONLY_ACTIVE_ARCH = YES;
				SDKROOT = iphoneos;
				SWIFT_OPTIMIZATION_LEVEL = "-Onone";
			};
			name = Debug;
		};
		DCAD67BA1A9FDF8200035617 /* Release */ = {
			isa = XCBuildConfiguration;
			buildSettings = {
				ALWAYS_SEARCH_USER_PATHS = NO;
				CLANG_CXX_LANGUAGE_STANDARD = "gnu++0x";
				CLANG_CXX_LIBRARY = "libc++";
				CLANG_ENABLE_MODULES = YES;
				CLANG_ENABLE_OBJC_ARC = YES;
				CLANG_WARN_BOOL_CONVERSION = YES;
				CLANG_WARN_CONSTANT_CONVERSION = YES;
				CLANG_WARN_DIRECT_OBJC_ISA_USAGE = YES_ERROR;
				CLANG_WARN_EMPTY_BODY = YES;
				CLANG_WARN_ENUM_CONVERSION = YES;
				CLANG_WARN_INT_CONVERSION = YES;
				CLANG_WARN_OBJC_ROOT_CLASS = YES_ERROR;
				CLANG_WARN_UNREACHABLE_CODE = YES;
				CLANG_WARN__DUPLICATE_METHOD_MATCH = YES;
				"CODE_SIGN_IDENTITY[sdk=iphoneos*]" = "iPhone Developer";
				COPY_PHASE_STRIP = YES;
				ENABLE_NS_ASSERTIONS = NO;
				ENABLE_STRICT_OBJC_MSGSEND = YES;
				GCC_C_LANGUAGE_STANDARD = gnu99;
				GCC_WARN_64_TO_32_BIT_CONVERSION = YES;
				GCC_WARN_ABOUT_RETURN_TYPE = YES_ERROR;
				GCC_WARN_UNDECLARED_SELECTOR = YES;
				GCC_WARN_UNINITIALIZED_AUTOS = YES_AGGRESSIVE;
				GCC_WARN_UNUSED_FUNCTION = YES;
				GCC_WARN_UNUSED_VARIABLE = YES;
				IPHONEOS_DEPLOYMENT_TARGET = 8.1;
				MTL_ENABLE_DEBUG_INFO = NO;
				SDKROOT = iphoneos;
				VALIDATE_PRODUCT = YES;
			};
			name = Release;
		};
		DCAD67BC1A9FDF8200035617 /* Debug */ = {
			isa = XCBuildConfiguration;
			buildSettings = {
				ASSETCATALOG_COMPILER_APPICON_NAME = AppIcon;
				INFOPLIST_FILE = AutoLayout/Info.plist;
				LD_RUNPATH_SEARCH_PATHS = "$(inherited) @executable_path/Frameworks";
				PRODUCT_NAME = "$(TARGET_NAME)";
			};
			name = Debug;
		};
		DCAD67BD1A9FDF8200035617 /* Release */ = {
			isa = XCBuildConfiguration;
			buildSettings = {
				ASSETCATALOG_COMPILER_APPICON_NAME = AppIcon;
				INFOPLIST_FILE = AutoLayout/Info.plist;
				LD_RUNPATH_SEARCH_PATHS = "$(inherited) @executable_path/Frameworks";
				PRODUCT_NAME = "$(TARGET_NAME)";
			};
			name = Release;
		};
		DCAD67BF1A9FDF8200035617 /* Debug */ = {
			isa = XCBuildConfiguration;
			buildSettings = {
				BUNDLE_LOADER = "$(TEST_HOST)";
				FRAMEWORK_SEARCH_PATHS = (
					"$(SDKROOT)/Developer/Library/Frameworks",
					"$(inherited)",
				);
				GCC_PREPROCESSOR_DEFINITIONS = (
					"DEBUG=1",
					"$(inherited)",
				);
				INFOPLIST_FILE = AutoLayoutTests/Info.plist;
				LD_RUNPATH_SEARCH_PATHS = "$(inherited) @executable_path/Frameworks @loader_path/Frameworks";
				PRODUCT_NAME = "$(TARGET_NAME)";
				TEST_HOST = "$(BUILT_PRODUCTS_DIR)/AutoLayout.app/AutoLayout";
			};
			name = Debug;
		};
		DCAD67C01A9FDF8200035617 /* Release */ = {
			isa = XCBuildConfiguration;
			buildSettings = {
				BUNDLE_LOADER = "$(TEST_HOST)";
				FRAMEWORK_SEARCH_PATHS = (
					"$(SDKROOT)/Developer/Library/Frameworks",
					"$(inherited)",
				);
				INFOPLIST_FILE = AutoLayoutTests/Info.plist;
				LD_RUNPATH_SEARCH_PATHS = "$(inherited) @executable_path/Frameworks @loader_path/Frameworks";
				PRODUCT_NAME = "$(TARGET_NAME)";
				TEST_HOST = "$(BUILT_PRODUCTS_DIR)/AutoLayout.app/AutoLayout";
			};
			name = Release;
		};
/* End XCBuildConfiguration section */

/* Begin XCConfigurationList section */
		DCAD67971A9FDF8200035617 /* Build configuration list for PBXProject "AutoLayout" */ = {
			isa = XCConfigurationList;
			buildConfigurations = (
				DCAD67B91A9FDF8200035617 /* Debug */,
				DCAD67BA1A9FDF8200035617 /* Release */,
			);
			defaultConfigurationIsVisible = 0;
			defaultConfigurationName = Release;
		};
		DCAD67BB1A9FDF8200035617 /* Build configuration list for PBXNativeTarget "AutoLayout" */ = {
			isa = XCConfigurationList;
			buildConfigurations = (
				DCAD67BC1A9FDF8200035617 /* Debug */,
				DCAD67BD1A9FDF8200035617 /* Release */,
			);
			defaultConfigurationIsVisible = 0;
		};
		DCAD67BE1A9FDF8200035617 /* Build configuration list for PBXNativeTarget "AutoLayoutTests" */ = {
			isa = XCConfigurationList;
			buildConfigurations = (
				DCAD67BF1A9FDF8200035617 /* Debug */,
				DCAD67C01A9FDF8200035617 /* Release */,
			);
			defaultConfigurationIsVisible = 0;
		};
/* End XCConfigurationList section */
	};
	rootObject = DCAD67941A9FDF8200035617 /* Project object */;
}
